
Microsoft Visual Studio Solution File, Format Version 12.00
# Visual Studio Version 16
VisualStudioVersion = 16.0.30711.63
MinimumVisualStudioVersion = 10.0.40219.1
Project("{FAE04EC0-301F-11D3-BF4B-00C04F79EFBC}") = "TestTask.ImageCache.API", "TestTask.ImageCache.API\TestTask.ImageCache.API.csproj", "{6BEFCE01-FE67-4689-AD78-EBA6D37E37AE}"
EndProject
Project("{FAE04EC0-301F-11D3-BF4B-00C04F79EFBC}") = "TestTask.ImageCache.Infrastructure", "TestTask.ImageCache.Infrastructure\TestTask.ImageCache.Infrastructure.csproj", "{5361D086-521B-44E8-AD98-424EFC232C3C}"
EndProject
Global
	GlobalSection(SolutionConfigurationPlatforms) = preSolution
		Debug|Any CPU = Debug|Any CPU
		Release|Any CPU = Release|Any CPU
	EndGlobalSection
	GlobalSection(ProjectConfigurationPlatforms) = postSolution
		{6BEFCE01-FE67-4689-AD78-EBA6D37E37AE}.Debug|Any CPU.ActiveCfg = Debug|Any CPU
		{6BEFCE01-FE67-4689-AD78-EBA6D37E37AE}.Debug|Any CPU.Build.0 = Debug|Any CPU
		{6BEFCE01-FE67-4689-AD78-EBA6D37E37AE}.Release|Any CPU.ActiveCfg = Release|Any CPU
		{6BEFCE01-FE67-4689-AD78-EBA6D37E37AE}.Release|Any CPU.Build.0 = Release|Any CPU
		{5361D086-521B-44E8-AD98-424EFC232C3C}.Debug|Any CPU.ActiveCfg = Debug|Any CPU
		{5361D086-521B-44E8-AD98-424EFC232C3C}.Debug|Any CPU.Build.0 = Debug|Any CPU
		{5361D086-521B-44E8-AD98-424EFC232C3C}.Release|Any CPU.ActiveCfg = Release|Any CPU
		{5361D086-521B-44E8-AD98-424EFC232C3C}.Release|Any CPU.Build.0 = Release|Any CPU
	EndGlobalSection
	GlobalSection(SolutionProperties) = preSolution
		HideSolutionNode = FALSE
	EndGlobalSection
	GlobalSection(ExtensibilityGlobals) = postSolution
		SolutionGuid = {0ED225F5-E96A-4B54-91FE-8078064171CE}
	EndGlobalSection
EndGlobal
